
Microsoft Visual Studio Solution File, Format Version 12.00
# Visual Studio Version 17
VisualStudioVersion = 17.10.34928.147
MinimumVisualStudioVersion = 10.0.40219.1
Project("{888888A0-9F3D-457C-B088-3A5042F75D52}") = "prack5", "prack5\prack5.pyproj", "{02A6BD38-2DE0-4AC0-86E8-66E6103FA8BA}"
EndProject
Global
	GlobalSection(SolutionConfigurationPlatforms) = preSolution
		Debug|Any CPU = Debug|Any CPU
		Release|Any CPU = Release|Any CPU
	EndGlobalSection
	GlobalSection(ProjectConfigurationPlatforms) = postSolution
		{02A6BD38-2DE0-4AC0-86E8-66E6103FA8BA}.Debug|Any CPU.ActiveCfg = Debug|Any CPU
		{02A6BD38-2DE0-4AC0-86E8-66E6103FA8BA}.Release|Any CPU.ActiveCfg = Release|Any CPU
	EndGlobalSection
	GlobalSection(SolutionProperties) = preSolution
		HideSolutionNode = FALSE
	EndGlobalSection
	GlobalSection(ExtensibilityGlobals) = postSolution
		SolutionGuid = {710088AD-8E77-488C-9963-5438D6E0F68B}
	EndGlobalSection
EndGlobal
